
Microsoft Visual Studio Solution File, Format Version 12.00
# Visual Studio Version 16
VisualStudioVersion = 16.0.30114.105
MinimumVisualStudioVersion = 10.0.40219.1
Project("{FAE04EC0-301F-11D3-BF4B-00C04F79EFBC}") = "MicLocker", "MicLocker\MicLocker.csproj", "{8BAA9DCC-3281-4D38-9599-67C838E3D051}"
EndProject
Global
	GlobalSection(SolutionConfigurationPlatforms) = preSolution
		Debug|Any CPU = Debug|Any CPU
		Release|Any CPU = Release|Any CPU
	EndGlobalSection
	GlobalSection(ProjectConfigurationPlatforms) = postSolution
		{8BAA9DCC-3281-4D38-9599-67C838E3D051}.Debug|Any CPU.ActiveCfg = Debug|Any CPU
		{8BAA9DCC-3281-4D38-9599-67C838E3D051}.Debug|Any CPU.Build.0 = Debug|Any CPU
		{8BAA9DCC-3281-4D38-9599-67C838E3D051}.Release|Any CPU.ActiveCfg = Release|Any CPU
		{8BAA9DCC-3281-4D38-9599-67C838E3D051}.Release|Any CPU.Build.0 = Release|Any CPU
	EndGlobalSection
	GlobalSection(SolutionProperties) = preSolution
		HideSolutionNode = FALSE
	EndGlobalSection
	GlobalSection(ExtensibilityGlobals) = postSolution
		SolutionGuid = {CBE1444F-D324-4F27-9280-BF0A08917A40}
	EndGlobalSection
EndGlobal
